{
  "version": 4,
  "terraform_version": "1.1.0",
  "serial": 78,
  "lineage": "fa63bf82-1f99-64cd-a167-f178d9a6edf7",
  "outputs": {},
  "resources": [
    {
      "mode": "managed",
      "type": "azurerm_firewall",
      "name": "hub_fw",
      "provider": "provider[\"registry.terraform.io/hashicorp/azurerm\"]",
      "instances": [
        {
          "schema_version": 0,
          "attributes": {
            "dns_servers": [],
            "firewall_policy_id": "/subscriptions/a5917f77-047e-4ec0-bbf9-49b052c5ee62/resourceGroups/HUB-EASTUS-RG/providers/Microsoft.Network/firewallPolicies/HUB-EASTUS-FIREWALLPOLICY",
            "id": "/subscriptions/a5917f77-047e-4ec0-bbf9-49b052c5ee62/resourceGroups/HUB-EASTUS-RG/providers/Microsoft.Network/azureFirewalls/HUB-EASTUS-FIREWALL",
            "ip_configuration": [
              {
                "name": "HUB-EASTUS-FIREWALL-CONFIG",
                "private_ip_address": "10.0.2.4",
                "public_ip_address_id": "/subscriptions/a5917f77-047e-4ec0-bbf9-49b052c5ee62/resourceGroups/HUB-EASTUS-RG/providers/Microsoft.Network/publicIPAddresses/HUB-EASTUS-FWPIP",
                "subnet_id": "/subscriptions/a5917f77-047e-4ec0-bbf9-49b052c5ee62/resourceGroups/HUB-EASTUS-RG/providers/Microsoft.Network/virtualNetworks/HUB-EASTUS-VNET/subnets/AzureFirewallSubnet"
              }
            ],
            "location": "eastus",
            "management_ip_configuration": [],
            "name": "HUB-EASTUS-FIREWALL",
            "private_ip_ranges": [],
            "resource_group_name": "HUB-EASTUS-RG",
            "sku_name": "AZFW_VNet",
            "sku_tier": "Premium",
            "tags": {},
            "threat_intel_mode": "Alert",
            "timeouts": null,
            "virtual_hub": [],
            "zones": []
          },
          "sensitive_attributes": [],
          "private": "eyJlMmJmYjczMC1lY2FhLTExZTYtOGY4OC0zNDM2M2JjN2M0YzAiOnsiY3JlYXRlIjo1NDAwMDAwMDAwMDAwLCJkZWxldGUiOjU0MDAwMDAwMDAwMDAsInJlYWQiOjMwMDAwMDAwMDAwMCwidXBkYXRlIjo1NDAwMDAwMDAwMDAwfX0=",
          "dependencies": [
            "azurerm_firewall_policy.hub_fw_policy",
            "azurerm_public_ip.hub_fw_pip",
            "azurerm_resource_group.hub_rg",
            "azurerm_subnet.hub_firewallsubnet",
            "azurerm_virtual_network.hub_vnet"
          ]
        }
      ]
    },
    {
      "mode": "managed",
      "type": "azurerm_firewall_policy",
      "name": "hub_fw_policy",
      "provider": "provider[\"registry.terraform.io/hashicorp/azurerm\"]",
      "instances": [
        {
          "schema_version": 0,
          "attributes": {
            "base_policy_id": "",
            "child_policies": [],
            "dns": [],
            "firewalls": [
              "/subscriptions/a5917f77-047e-4ec0-bbf9-49b052c5ee62/resourceGroups/HUB-EASTUS-RG/providers/Microsoft.Network/azureFirewalls/HUB-EASTUS-FIREWALL"
            ],
            "id": "/subscriptions/a5917f77-047e-4ec0-bbf9-49b052c5ee62/resourceGroups/HUB-EASTUS-RG/providers/Microsoft.Network/firewallPolicies/HUB-EASTUS-FIREWALLPOLICY",
            "identity": [],
            "insights": [],
            "intrusion_detection": [],
            "location": "eastus",
            "name": "HUB-EASTUS-FIREWALLPOLICY",
            "private_ip_ranges": [],
            "resource_group_name": "HUB-EASTUS-RG",
            "rule_collection_groups": [
              "/subscriptions/a5917f77-047e-4ec0-bbf9-49b052c5ee62/resourceGroups/HUB-EASTUS-RG/providers/Microsoft.Network/firewallPolicies/HUB-EASTUS-FIREWALLPOLICY/ruleCollectionGroups/HUB-EASTUS-FWP-RCG-01"
            ],
            "sku": "Standard",
            "tags": {},
            "threat_intelligence_allowlist": [],
            "threat_intelligence_mode": "Alert",
            "timeouts": null,
            "tls_certificate": []
          },
          "sensitive_attributes": [],
          "private": "eyJlMmJmYjczMC1lY2FhLTExZTYtOGY4OC0zNDM2M2JjN2M0YzAiOnsiY3JlYXRlIjoxODAwMDAwMDAwMDAwLCJkZWxldGUiOjE4MDAwMDAwMDAwMDAsInJlYWQiOjMwMDAwMDAwMDAwMCwidXBkYXRlIjoxODAwMDAwMDAwMDAwfX0=",
          "dependencies": [
            "azurerm_resource_group.hub_rg"
          ]
        }
      ]
    },
    {
      "mode": "managed",
      "type": "azurerm_public_ip",
      "name": "hub_fw_pip",
      "provider": "provider[\"registry.terraform.io/hashicorp/azurerm\"]",
      "instances": [
        {
          "schema_version": 0,
          "attributes": {
            "allocation_method": "Static",
            "availability_zone": "Zone-Redundant",
            "domain_name_label": null,
            "fqdn": null,
            "id": "/subscriptions/a5917f77-047e-4ec0-bbf9-49b052c5ee62/resourceGroups/HUB-EASTUS-RG/providers/Microsoft.Network/publicIPAddresses/HUB-EASTUS-FWPIP",
            "idle_timeout_in_minutes": 4,
            "ip_address": "20.81.11.223",
            "ip_tags": {},
            "ip_version": "IPv4",
            "location": "eastus",
            "name": "HUB-EASTUS-FWPIP",
            "public_ip_prefix_id": null,
            "resource_group_name": "HUB-EASTUS-RG",
            "reverse_fqdn": null,
            "sku": "Standard",
            "sku_tier": "Regional",
            "tags": {},
            "timeouts": null,
            "zones": []
          },
          "sensitive_attributes": [],
          "private": "eyJlMmJmYjczMC1lY2FhLTExZTYtOGY4OC0zNDM2M2JjN2M0YzAiOnsiY3JlYXRlIjoxODAwMDAwMDAwMDAwLCJkZWxldGUiOjE4MDAwMDAwMDAwMDAsInJlYWQiOjMwMDAwMDAwMDAwMCwidXBkYXRlIjoxODAwMDAwMDAwMDAwfX0=",
          "dependencies": [
            "azurerm_resource_group.hub_rg"
          ]
        }
      ]
    },
    {
      "mode": "managed",
      "type": "azurerm_resource_group",
      "name": "hub_rg",
      "provider": "provider[\"registry.terraform.io/hashicorp/azurerm\"]",
      "instances": [
        {
          "schema_version": 0,
          "attributes": {
            "id": "/subscriptions/a5917f77-047e-4ec0-bbf9-49b052c5ee62/resourceGroups/HUB-EASTUS-RG",
            "location": "eastus",
            "name": "HUB-EASTUS-RG",
            "tags": {},
            "timeouts": null
          },
          "sensitive_attributes": [],
          "private": "eyJlMmJmYjczMC1lY2FhLTExZTYtOGY4OC0zNDM2M2JjN2M0YzAiOnsiY3JlYXRlIjo1NDAwMDAwMDAwMDAwLCJkZWxldGUiOjU0MDAwMDAwMDAwMDAsInJlYWQiOjMwMDAwMDAwMDAwMCwidXBkYXRlIjo1NDAwMDAwMDAwMDAwfX0="
        }
      ]
    },
    {
      "mode": "managed",
      "type": "azurerm_subnet",
      "name": "hub_firewallsubnet",
      "provider": "provider[\"registry.terraform.io/hashicorp/azurerm\"]",
      "instances": [
        {
          "schema_version": 0,
          "attributes": {
            "address_prefix": "10.0.2.0/24",
            "address_prefixes": [
              "10.0.2.0/24"
            ],
            "delegation": [],
            "enforce_private_link_endpoint_network_policies": false,
            "enforce_private_link_service_network_policies": false,
            "id": "/subscriptions/a5917f77-047e-4ec0-bbf9-49b052c5ee62/resourceGroups/HUB-EASTUS-RG/providers/Microsoft.Network/virtualNetworks/HUB-EASTUS-VNET/subnets/AzureFirewallSubnet",
            "name": "AzureFirewallSubnet",
            "resource_group_name": "HUB-EASTUS-RG",
            "service_endpoint_policy_ids": [],
            "service_endpoints": [],
            "timeouts": null,
            "virtual_network_name": "HUB-EASTUS-VNET"
          },
          "sensitive_attributes": [],
          "private": "eyJlMmJmYjczMC1lY2FhLTExZTYtOGY4OC0zNDM2M2JjN2M0YzAiOnsiY3JlYXRlIjoxODAwMDAwMDAwMDAwLCJkZWxldGUiOjE4MDAwMDAwMDAwMDAsInJlYWQiOjMwMDAwMDAwMDAwMCwidXBkYXRlIjoxODAwMDAwMDAwMDAwfX0=",
          "dependencies": [
            "azurerm_resource_group.hub_rg",
            "azurerm_virtual_network.hub_vnet"
          ]
        }
      ]
    },
    {
      "mode": "managed",
      "type": "azurerm_virtual_network",
      "name": "hub_vnet",
      "provider": "provider[\"registry.terraform.io/hashicorp/azurerm\"]",
      "instances": [
        {
          "schema_version": 0,
          "attributes": {
            "address_space": [
              "10.0.0.0/16"
            ],
            "bgp_community": "",
            "ddos_protection_plan": [],
            "dns_servers": [],
            "flow_timeout_in_minutes": 0,
            "guid": "da31c727-125e-48e1-b969-7c5acc181517",
            "id": "/subscriptions/a5917f77-047e-4ec0-bbf9-49b052c5ee62/resourceGroups/HUB-EASTUS-RG/providers/Microsoft.Network/virtualNetworks/HUB-EASTUS-VNET",
            "location": "eastus",
            "name": "HUB-EASTUS-VNET",
            "resource_group_name": "HUB-EASTUS-RG",
            "subnet": [
              {
                "address_prefix": "10.0.0.0/24",
                "id": "/subscriptions/a5917f77-047e-4ec0-bbf9-49b052c5ee62/resourceGroups/HUB-EASTUS-RG/providers/Microsoft.Network/virtualNetworks/HUB-EASTUS-VNET/subnets/subnet1",
                "name": "subnet1",
                "security_group": ""
              },
              {
                "address_prefix": "10.0.1.0/24",
                "id": "/subscriptions/a5917f77-047e-4ec0-bbf9-49b052c5ee62/resourceGroups/HUB-EASTUS-RG/providers/Microsoft.Network/virtualNetworks/HUB-EASTUS-VNET/subnets/GatewaySubnet",
                "name": "GatewaySubnet",
                "security_group": ""
              },
              {
                "address_prefix": "10.0.2.0/24",
                "id": "/subscriptions/a5917f77-047e-4ec0-bbf9-49b052c5ee62/resourceGroups/HUB-EASTUS-RG/providers/Microsoft.Network/virtualNetworks/HUB-EASTUS-VNET/subnets/AzureFirewallSubnet",
                "name": "AzureFirewallSubnet",
                "security_group": ""
              }
            ],
            "tags": {},
            "timeouts": null,
            "vm_protection_enabled": false
          },
          "sensitive_attributes": [],
          "private": "eyJlMmJmYjczMC1lY2FhLTExZTYtOGY4OC0zNDM2M2JjN2M0YzAiOnsiY3JlYXRlIjoxODAwMDAwMDAwMDAwLCJkZWxldGUiOjE4MDAwMDAwMDAwMDAsInJlYWQiOjMwMDAwMDAwMDAwMCwidXBkYXRlIjoxODAwMDAwMDAwMDAwfX0=",
          "dependencies": [
            "azurerm_resource_group.hub_rg"
          ]
        }
      ]
    }
  ]
}
